// !$*UTF8*$!
{
	archiveVersion = 1;
	classes = {
	};
	objectVersion = 46;
	objects = {

/* Begin PBXBuildFile section */
		7EB33C3F1A27346500FE9B8A /* large.txt in Resources */ = {isa = PBXBuildFile; fileRef = 7EB33C3D1A27346500FE9B8A /* large.txt */; };
		D4BF00A71994C5CD00E757DF /* main.m in Sources */ = {isa = PBXBuildFile; fileRef = D4BF00A61994C5CD00E757DF /* main.m */; };
		D4BF00AA1994C5CD00E757DF /* AppDelegate.m in Sources */ = {isa = PBXBuildFile; fileRef = D4BF00A91994C5CD00E757DF /* AppDelegate.m */; };
		D4BF00AD1994C5CD00E757DF /* ViewController.m in Sources */ = {isa = PBXBuildFile; fileRef = D4BF00AC1994C5CD00E757DF /* ViewController.m */; };
		D4BF00B01994C5CD00E757DF /* Main.storyboard in Resources */ = {isa = PBXBuildFile; fileRef = D4BF00AE1994C5CD00E757DF /* Main.storyboard */; };
		D4BF00B21994C5CD00E757DF /* Images.xcassets in Resources */ = {isa = PBXBuildFile; fileRef = D4BF00B11994C5CD00E757DF /* Images.xcassets */; };
		D4BF00BE1994C5CE00E757DF /* ObjC_Rc4Tests.m in Sources */ = {isa = PBXBuildFile; fileRef = D4BF00BD1994C5CE00E757DF /* ObjC_Rc4Tests.m */; };
		D4BF00CB1994C72B00E757DF /* Rc4.m in Sources */ = {isa = PBXBuildFile; fileRef = D4BF00CA1994C72B00E757DF /* Rc4.m */; };
/* End PBXBuildFile section */

/* Begin PBXContainerItemProxy section */
		D4BF00B81994C5CE00E757DF /* PBXContainerItemProxy */ = {
			isa = PBXContainerItemProxy;
			containerPortal = D4BF00991994C5CD00E757DF /* Project object */;
			proxyType = 1;
			remoteGlobalIDString = D4BF00A01994C5CD00E757DF;
			remoteInfo = ObjC_Rc4;
		};
/* End PBXContainerItemProxy section */

/* Begin PBXFileReference section */
		7EB33C3D1A27346500FE9B8A /* large.txt */ = {isa = PBXFileReference; fileEncoding = 4; lastKnownFileType = text; name = large.txt; path = "../../Test Data Files/large.txt"; sourceTree = "<group>"; };
		D4BF00A11994C5CD00E757DF /* ObjC_Rc4.app */ = {isa = PBXFileReference; explicitFileType = wrapper.application; includeInIndex = 0; path = ObjC_Rc4.app; sourceTree = BUILT_PRODUCTS_DIR; };
		D4BF00A51994C5CD00E757DF /* Info.plist */ = {isa = PBXFileReference; lastKnownFileType = text.plist.xml; path = Info.plist; sourceTree = "<group>"; };
		D4BF00A61994C5CD00E757DF /* main.m */ = {isa = PBXFileReference; lastKnownFileType = sourcecode.c.objc; path = main.m; sourceTree = "<group>"; };
		D4BF00A81994C5CD00E757DF /* AppDelegate.h */ = {isa = PBXFileReference; lastKnownFileType = sourcecode.c.h; path = AppDelegate.h; sourceTree = "<group>"; };
		D4BF00A91994C5CD00E757DF /* AppDelegate.m */ = {isa = PBXFileReference; lastKnownFileType = sourcecode.c.objc; path = AppDelegate.m; sourceTree = "<group>"; };
		D4BF00AB1994C5CD00E757DF /* ViewController.h */ = {isa = PBXFileReference; lastKnownFileType = sourcecode.c.h; path = ViewController.h; sourceTree = "<group>"; };
		D4BF00AC1994C5CD00E757DF /* ViewController.m */ = {isa = PBXFileReference; lastKnownFileType = sourcecode.c.objc; path = ViewController.m; sourceTree = "<group>"; };
		D4BF00AF1994C5CD00E757DF /* Base */ = {isa = PBXFileReference; lastKnownFileType = file.storyboard; name = Base; path = Base.lproj/Main.storyboard; sourceTree = "<group>"; };
		D4BF00B11994C5CD00E757DF /* Images.xcassets */ = {isa = PBXFileReference; lastKnownFileType = folder.assetcatalog; path = Images.xcassets; sourceTree = "<group>"; };
		D4BF00B71994C5CE00E757DF /* ObjC_Rc4Tests.xctest */ = {isa = PBXFileReference; explicitFileType = wrapper.cfbundle; includeInIndex = 0; path = ObjC_Rc4Tests.xctest; sourceTree = BUILT_PRODUCTS_DIR; };
		D4BF00BC1994C5CE00E757DF /* Info.plist */ = {isa = PBXFileReference; lastKnownFileType = text.plist.xml; path = Info.plist; sourceTree = "<group>"; };
		D4BF00BD1994C5CE00E757DF /* ObjC_Rc4Tests.m */ = {isa = PBXFileReference; lastKnownFileType = sourcecode.c.objc; path = ObjC_Rc4Tests.m; sourceTree = "<group>"; };
		D4BF00C91994C72B00E757DF /* Rc4.h */ = {isa = PBXFileReference; fileEncoding = 4; lastKnownFileType = sourcecode.c.h; path = Rc4.h; sourceTree = "<group>"; };
		D4BF00CA1994C72B00E757DF /* Rc4.m */ = {isa = PBXFileReference; fileEncoding = 4; lastKnownFileType = sourcecode.c.objc; path = Rc4.m; sourceTree = "<group>"; };
/* End PBXFileReference section */

/* Begin PBXFrameworksBuildPhase section */
		D4BF009E1994C5CD00E757DF /* Frameworks */ = {
			isa = PBXFrameworksBuildPhase;
			buildActionMask = 2147483647;
			files = (
			);
			runOnlyForDeploymentPostprocessing = 0;
		};
		D4BF00B41994C5CE00E757DF /* Frameworks */ = {
			isa = PBXFrameworksBuildPhase;
			buildActionMask = 2147483647;
			files = (
			);
			runOnlyForDeploymentPostprocessing = 0;
		};
/* End PBXFrameworksBuildPhase section */

/* Begin PBXGroup section */
		D4BF00981994C5CD00E757DF = {
			isa = PBXGroup;
			children = (
				D4BF00A31994C5CD00E757DF /* ObjC_Rc4 */,
				D4BF00BA1994C5CE00E757DF /* ObjC_Rc4Tests */,
				D4BF00A21994C5CD00E757DF /* Products */,
			);
			sourceTree = "<group>";
		};
		D4BF00A21994C5CD00E757DF /* Products */ = {
			isa = PBXGroup;
			children = (
				D4BF00A11994C5CD00E757DF /* ObjC_Rc4.app */,
				D4BF00B71994C5CE00E757DF /* ObjC_Rc4Tests.xctest */,
			);
			name = Products;
			sourceTree = "<group>";
		};
		D4BF00A31994C5CD00E757DF /* ObjC_Rc4 */ = {
			isa = PBXGroup;
			children = (
				D4BF00C71994C60500E757DF /* App */,
				D4BF00A41994C5CD00E757DF /* Supporting Files */,
				D4BF00C91994C72B00E757DF /* Rc4.h */,
				D4BF00CA1994C72B00E757DF /* Rc4.m */,
			);
			path = ObjC_Rc4;
			sourceTree = "<group>";
		};
		D4BF00A41994C5CD00E757DF /* Supporting Files */ = {
			isa = PBXGroup;
			children = (
				D4BF00A51994C5CD00E757DF /* Info.plist */,
				D4BF00A61994C5CD00E757DF /* main.m */,
			);
			name = "Supporting Files";
			sourceTree = "<group>";
		};
		D4BF00BA1994C5CE00E757DF /* ObjC_Rc4Tests */ = {
			isa = PBXGroup;
			children = (
				D4BF00BD1994C5CE00E757DF /* ObjC_Rc4Tests.m */,
				D4BF00BB1994C5CE00E757DF /* Supporting Files */,
			);
			path = ObjC_Rc4Tests;
			sourceTree = "<group>";
		};
		D4BF00BB1994C5CE00E757DF /* Supporting Files */ = {
			isa = PBXGroup;
			children = (
				7EB33C3D1A27346500FE9B8A /* large.txt */,
				D4BF00BC1994C5CE00E757DF /* Info.plist */,
			);
			name = "Supporting Files";
			sourceTree = "<group>";
		};
		D4BF00C71994C60500E757DF /* App */ = {
			isa = PBXGroup;
			children = (
				D4BF00A81994C5CD00E757DF /* AppDelegate.h */,
				D4BF00A91994C5CD00E757DF /* AppDelegate.m */,
				D4BF00AB1994C5CD00E757DF /* ViewController.h */,
				D4BF00AC1994C5CD00E757DF /* ViewController.m */,
				D4BF00AE1994C5CD00E757DF /* Main.storyboard */,
				D4BF00B11994C5CD00E757DF /* Images.xcassets */,
			);
			name = App;
			sourceTree = "<group>";
		};
/* End PBXGroup section */

/* Begin PBXNativeTarget section */
		D4BF00A01994C5CD00E757DF /* ObjC_Rc4 */ = {
			isa = PBXNativeTarget;
			buildConfigurationList = D4BF00C11994C5CE00E757DF /* Build configuration list for PBXNativeTarget "ObjC_Rc4" */;
			buildPhases = (
				D4BF009D1994C5CD00E757DF /* Sources */,
				D4BF009E1994C5CD00E757DF /* Frameworks */,
				D4BF009F1994C5CD00E757DF /* Resources */,
			);
			buildRules = (
			);
			dependencies = (
			);
			name = ObjC_Rc4;
			productName = ObjC_Rc4;
			productReference = D4BF00A11994C5CD00E757DF /* ObjC_Rc4.app */;
			productType = "com.apple.product-type.application";
		};
		D4BF00B61994C5CE00E757DF /* ObjC_Rc4Tests */ = {
			isa = PBXNativeTarget;
			buildConfigurationList = D4BF00C41994C5CE00E757DF /* Build configuration list for PBXNativeTarget "ObjC_Rc4Tests" */;
			buildPhases = (
				D4BF00B31994C5CE00E757DF /* Sources */,
				D4BF00B41994C5CE00E757DF /* Frameworks */,
				D4BF00B51994C5CE00E757DF /* Resources */,
			);
			buildRules = (
			);
			dependencies = (
				D4BF00B91994C5CE00E757DF /* PBXTargetDependency */,
			);
			name = ObjC_Rc4Tests;
			productName = ObjC_Rc4Tests;
			productReference = D4BF00B71994C5CE00E757DF /* ObjC_Rc4Tests.xctest */;
			productType = "com.apple.product-type.bundle.unit-test";
		};
/* End PBXNativeTarget section */

/* Begin PBXProject section */
		D4BF00991994C5CD00E757DF /* Project object */ = {
			isa = PBXProject;
			attributes = {
				LastUpgradeCheck = 0600;
				ORGANIZATIONNAME = MYOB;
				TargetAttributes = {
					D4BF00A01994C5CD00E757DF = {
						CreatedOnToolsVersion = 6.0;
					};
					D4BF00B61994C5CE00E757DF = {
						CreatedOnToolsVersion = 6.0;
						TestTargetID = D4BF00A01994C5CD00E757DF;
					};
				};
			};
			buildConfigurationList = D4BF009C1994C5CD00E757DF /* Build configuration list for PBXProject "ObjC_Rc4" */;
			compatibilityVersion = "Xcode 3.2";
			developmentRegion = English;
			hasScannedForEncodings = 0;
			knownRegions = (
				en,
				Base,
			);
			mainGroup = D4BF00981994C5CD00E757DF;
			productRefGroup = D4BF00A21994C5CD00E757DF /* Products */;
			projectDirPath = "";
			projectRoot = "";
			targets = (
				D4BF00A01994C5CD00E757DF /* ObjC_Rc4 */,
				D4BF00B61994C5CE00E757DF /* ObjC_Rc4Tests */,
			);
		};
/* End PBXProject section */

/* Begin PBXResourcesBuildPhase section */
		D4BF009F1994C5CD00E757DF /* Resources */ = {
			isa = PBXResourcesBuildPhase;
			buildActionMask = 2147483647;
			files = (
				D4BF00B01994C5CD00E757DF /* Main.storyboard in Resources */,
				D4BF00B21994C5CD00E757DF /* Images.xcassets in Resources */,
			);
			runOnlyForDeploymentPostprocessing = 0;
		};
		D4BF00B51994C5CE00E757DF /* Resources */ = {
			isa = PBXResourcesBuildPhase;
			buildActionMask = 2147483647;
			files = (
				7EB33C3F1A27346500FE9B8A /* large.txt in Resources */,
			);
			runOnlyForDeploymentPostprocessing = 0;
		};
/* End PBXResourcesBuildPhase section */

/* Begin PBXSourcesBuildPhase section */
		D4BF009D1994C5CD00E757DF /* Sources */ = {
			isa = PBXSourcesBuildPhase;
			buildActionMask = 2147483647;
			files = (
				D4BF00AD1994C5CD00E757DF /* ViewController.m in Sources */,
				D4BF00CB1994C72B00E757DF /* Rc4.m in Sources */,
				D4BF00AA1994C5CD00E757DF /* AppDelegate.m in Sources */,
				D4BF00A71994C5CD00E757DF /* main.m in Sources */,
			);
			runOnlyForDeploymentPostprocessing = 0;
		};
		D4BF00B31994C5CE00E757DF /* Sources */ = {
			isa = PBXSourcesBuildPhase;
			buildActionMask = 2147483647;
			files = (
				D4BF00BE1994C5CE00E757DF /* ObjC_Rc4Tests.m in Sources */,
			);
			runOnlyForDeploymentPostprocessing = 0;
		};
/* End PBXSourcesBuildPhase section */

/* Begin PBXTargetDependency section */
		D4BF00B91994C5CE00E757DF /* PBXTargetDependency */ = {
			isa = PBXTargetDependency;
			target = D4BF00A01994C5CD00E757DF /* ObjC_Rc4 */;
			targetProxy = D4BF00B81994C5CE00E757DF /* PBXContainerItemProxy */;
		};
/* End PBXTargetDependency section */

/* Begin PBXVariantGroup section */
		D4BF00AE1994C5CD00E757DF /* Main.storyboard */ = {
			isa = PBXVariantGroup;
			children = (
				D4BF00AF1994C5CD00E757DF /* Base */,
			);
			name = Main.storyboard;
			sourceTree = "<group>";
		};
/* End PBXVariantGroup section */

/* Begin XCBuildConfiguration section */
		D4BF00BF1994C5CE00E757DF /* Debug */ = {
			isa = XCBuildConfiguration;
			buildSettings = {
				ALWAYS_SEARCH_USER_PATHS = NO;
				CLANG_CXX_LANGUAGE_STANDARD = "gnu++0x";
				CLANG_CXX_LIBRARY = "libc++";
				CLANG_ENABLE_MODULES = YES;
				CLANG_ENABLE_OBJC_ARC = YES;
				CLANG_WARN_BOOL_CONVERSION = YES;
				CLANG_WARN_CONSTANT_CONVERSION = YES;
				CLANG_WARN_DIRECT_OBJC_ISA_USAGE = YES_ERROR;
				CLANG_WARN_EMPTY_BODY = YES;
				CLANG_WARN_ENUM_CONVERSION = YES;
				CLANG_WARN_INT_CONVERSION = YES;
				CLANG_WARN_OBJC_ROOT_CLASS = YES_ERROR;
				CLANG_WARN_UNREACHABLE_CODE = YES;
				CLANG_WARN__DUPLICATE_METHOD_MATCH = YES;
				"CODE_SIGN_IDENTITY[sdk=iphoneos*]" = "iPhone Developer";
				COPY_PHASE_STRIP = NO;
				ENABLE_STRICT_OBJC_MSGSEND = YES;
				GCC_C_LANGUAGE_STANDARD = gnu99;
				GCC_DYNAMIC_NO_PIC = NO;
				GCC_OPTIMIZATION_LEVEL = fast;
				GCC_PREPROCESSOR_DEFINITIONS = (
					"DEBUG=1",
					"$(inherited)",
				);
				GCC_SYMBOLS_PRIVATE_EXTERN = NO;
				GCC_WARN_64_TO_32_BIT_CONVERSION = YES;
				GCC_WARN_ABOUT_RETURN_TYPE = YES_ERROR;
				GCC_WARN_UNDECLARED_SELECTOR = YES;
				GCC_WARN_UNINITIALIZED_AUTOS = YES_AGGRESSIVE;
				GCC_WARN_UNUSED_FUNCTION = YES;
				GCC_WARN_UNUSED_VARIABLE = YES;
				IPHONEOS_DEPLOYMENT_TARGET = 8.0;
				MTL_ENABLE_DEBUG_INFO = YES;
				ONLY_ACTIVE_ARCH = YES;
				SDKROOT = iphoneos;
			};
			name = Debug;
		};
		D4BF00C01994C5CE00E757DF /* Release */ = {
			isa = XCBuildConfiguration;
			buildSettings = {
				ALWAYS_SEARCH_USER_PATHS = NO;
				CLANG_CXX_LANGUAGE_STANDARD = "gnu++0x";
				CLANG_CXX_LIBRARY = "libc++";
				CLANG_ENABLE_MODULES = YES;
				CLANG_ENABLE_OBJC_ARC = YES;
				CLANG_WARN_BOOL_CONVERSION = YES;
				CLANG_WARN_CONSTANT_CONVERSION = YES;
				CLANG_WARN_DIRECT_OBJC_ISA_USAGE = YES_ERROR;
				CLANG_WARN_EMPTY_BODY = YES;
				CLANG_WARN_ENUM_CONVERSION = YES;
				CLANG_WARN_INT_CONVERSION = YES;
				CLANG_WARN_OBJC_ROOT_CLASS = YES_ERROR;
				CLANG_WARN_UNREACHABLE_CODE = YES;
				CLANG_WARN__DUPLICATE_METHOD_MATCH = YES;
				"CODE_SIGN_IDENTITY[sdk=iphoneos*]" = "iPhone Developer";
				COPY_PHASE_STRIP = YES;
				ENABLE_NS_ASSERTIONS = NO;
				ENABLE_STRICT_OBJC_MSGSEND = YES;
				GCC_C_LANGUAGE_STANDARD = gnu99;
				GCC_OPTIMIZATION_LEVEL = fast;
				GCC_WARN_64_TO_32_BIT_CONVERSION = YES;
				GCC_WARN_ABOUT_RETURN_TYPE = YES_ERROR;
				GCC_WARN_UNDECLARED_SELECTOR = YES;
				GCC_WARN_UNINITIALIZED_AUTOS = YES_AGGRESSIVE;
				GCC_WARN_UNUSED_FUNCTION = YES;
				GCC_WARN_UNUSED_VARIABLE = YES;
				IPHONEOS_DEPLOYMENT_TARGET = 8.0;
				MTL_ENABLE_DEBUG_INFO = NO;
				SDKROOT = iphoneos;
				VALIDATE_PRODUCT = YES;
			};
			name = Release;
		};
		D4BF00C21994C5CE00E757DF /* Debug */ = {
			isa = XCBuildConfiguration;
			buildSettings = {
				ASSETCATALOG_COMPILER_APPICON_NAME = AppIcon;
				ASSETCATALOG_COMPILER_LAUNCHIMAGE_NAME = LaunchImage;
				GCC_OPTIMIZATION_LEVEL = fast;
				INFOPLIST_FILE = ObjC_Rc4/Info.plist;
				IPHONEOS_DEPLOYMENT_TARGET = 9.3;
				LD_RUNPATH_SEARCH_PATHS = "$(inherited) @executable_path/Frameworks";
				PRODUCT_NAME = "$(TARGET_NAME)";
			};
			name = Debug;
		};
		D4BF00C31994C5CE00E757DF /* Release */ = {
			isa = XCBuildConfiguration;
			buildSettings = {
				ASSETCATALOG_COMPILER_APPICON_NAME = AppIcon;
				ASSETCATALOG_COMPILER_LAUNCHIMAGE_NAME = LaunchImage;
				INFOPLIST_FILE = ObjC_Rc4/Info.plist;
				IPHONEOS_DEPLOYMENT_TARGET = 9.3;
				LD_RUNPATH_SEARCH_PATHS = "$(inherited) @executable_path/Frameworks";
				PRODUCT_NAME = "$(TARGET_NAME)";
			};
			name = Release;
		};
		D4BF00C51994C5CE00E757DF /* Debug */ = {
			isa = XCBuildConfiguration;
			buildSettings = {
				BUNDLE_LOADER = "$(TEST_HOST)";
				FRAMEWORK_SEARCH_PATHS = (
					"$(SDKROOT)/Developer/Library/Frameworks",
					"$(inherited)",
				);
				GCC_OPTIMIZATION_LEVEL = fast;
				GCC_PREPROCESSOR_DEFINITIONS = (
					"DEBUG=1",
					"$(inherited)",
				);
				INFOPLIST_FILE = ObjC_Rc4Tests/Info.plist;
				LD_RUNPATH_SEARCH_PATHS = "$(inherited) @executable_path/Frameworks @loader_path/Frameworks";
				PRODUCT_NAME = "$(TARGET_NAME)";
				TEST_HOST = "$(BUILT_PRODUCTS_DIR)/ObjC_Rc4.app/ObjC_Rc4";
			};
			name = Debug;
		};
		D4BF00C61994C5CE00E757DF /* Release */ = {
			isa = XCBuildConfiguration;
			buildSettings = {
				BUNDLE_LOADER = "$(TEST_HOST)";
				FRAMEWORK_SEARCH_PATHS = (
					"$(SDKROOT)/Developer/Library/Frameworks",
					"$(inherited)",
				);
				INFOPLIST_FILE = ObjC_Rc4Tests/Info.plist;
				LD_RUNPATH_SEARCH_PATHS = "$(inherited) @executable_path/Frameworks @loader_path/Frameworks";
				PRODUCT_NAME = "$(TARGET_NAME)";
				TEST_HOST = "$(BUILT_PRODUCTS_DIR)/ObjC_Rc4.app/ObjC_Rc4";
			};
			name = Release;
		};
/* End XCBuildConfiguration section */

/* Begin XCConfigurationList section */
		D4BF009C1994C5CD00E757DF /* Build configuration list for PBXProject "ObjC_Rc4" */ = {
			isa = XCConfigurationList;
			buildConfigurations = (
				D4BF00BF1994C5CE00E757DF /* Debug */,
				D4BF00C01994C5CE00E757DF /* Release */,
			);
			defaultConfigurationIsVisible = 0;
			defaultConfigurationName = Release;
		};
		D4BF00C11994C5CE00E757DF /* Build configuration list for PBXNativeTarget "ObjC_Rc4" */ = {
			isa = XCConfigurationList;
			buildConfigurations = (
				D4BF00C21994C5CE00E757DF /* Debug */,
				D4BF00C31994C5CE00E757DF /* Release */,
			);
			defaultConfigurationIsVisible = 0;
			defaultConfigurationName = Release;
		};
		D4BF00C41994C5CE00E757DF /* Build configuration list for PBXNativeTarget "ObjC_Rc4Tests" */ = {
			isa = XCConfigurationList;
			buildConfigurations = (
				D4BF00C51994C5CE00E757DF /* Debug */,
				D4BF00C61994C5CE00E757DF /* Release */,
			);
			defaultConfigurationIsVisible = 0;
			defaultConfigurationName = Release;
		};
/* End XCConfigurationList section */
	};
	rootObject = D4BF00991994C5CD00E757DF /* Project object */;
}
